
Microsoft Visual Studio Solution File, Format Version 12.00
# Visual Studio 15
VisualStudioVersion = 15.0.28307.902
MinimumVisualStudioVersion = 10.0.40219.1
Project("{FAE04EC0-301F-11D3-BF4B-00C04F79EFBC}") = "SistemaControlMedico", "SistemaControlMedico\SistemaControlMedico.csproj", "{82A7C646-B6CF-4BE8-81DD-38E5275601FE}"
EndProject
Global
	GlobalSection(SolutionConfigurationPlatforms) = preSolution
		Debug|Any CPU = Debug|Any CPU
		Release|Any CPU = Release|Any CPU
	EndGlobalSection
	GlobalSection(ProjectConfigurationPlatforms) = postSolution
		{82A7C646-B6CF-4BE8-81DD-38E5275601FE}.Debug|Any CPU.ActiveCfg = Debug|Any CPU
		{82A7C646-B6CF-4BE8-81DD-38E5275601FE}.Debug|Any CPU.Build.0 = Debug|Any CPU
		{82A7C646-B6CF-4BE8-81DD-38E5275601FE}.Release|Any CPU.ActiveCfg = Release|Any CPU
		{82A7C646-B6CF-4BE8-81DD-38E5275601FE}.Release|Any CPU.Build.0 = Release|Any CPU
	EndGlobalSection
	GlobalSection(SolutionProperties) = preSolution
		HideSolutionNode = FALSE
	EndGlobalSection
	GlobalSection(ExtensibilityGlobals) = postSolution
		SolutionGuid = {D6AC84A6-8E7A-4BE3-85B3-6141E2102487}
	EndGlobalSection
EndGlobal
